
Microsoft Visual Studio Solution File, Format Version 12.00
# Visual Studio Version 16
VisualStudioVersion = 16.0.29920.165
MinimumVisualStudioVersion = 10.0.40219.1
Project("{FAE04EC0-301F-11D3-BF4B-00C04F79EFBC}") = "Proiect IAME", "Proiect IAME\Proiect IAME.csproj", "{06711C8E-87B9-4DE6-827A-DFFF2D0FA37F}"
EndProject
Global
	GlobalSection(SolutionConfigurationPlatforms) = preSolution
		Debug|Any CPU = Debug|Any CPU
		Release|Any CPU = Release|Any CPU
	EndGlobalSection
	GlobalSection(ProjectConfigurationPlatforms) = postSolution
		{06711C8E-87B9-4DE6-827A-DFFF2D0FA37F}.Debug|Any CPU.ActiveCfg = Debug|Any CPU
		{06711C8E-87B9-4DE6-827A-DFFF2D0FA37F}.Debug|Any CPU.Build.0 = Debug|Any CPU
		{06711C8E-87B9-4DE6-827A-DFFF2D0FA37F}.Release|Any CPU.ActiveCfg = Release|Any CPU
		{06711C8E-87B9-4DE6-827A-DFFF2D0FA37F}.Release|Any CPU.Build.0 = Release|Any CPU
	EndGlobalSection
	GlobalSection(SolutionProperties) = preSolution
		HideSolutionNode = FALSE
	EndGlobalSection
	GlobalSection(ExtensibilityGlobals) = postSolution
		SolutionGuid = {8DF43682-7C9F-49CA-81E1-D196B70FB5AC}
	EndGlobalSection
EndGlobal
